
Microsoft Visual Studio Solution File, Format Version 12.00
# Visual Studio Version 17
VisualStudioVersion = 17.5.002.0
MinimumVisualStudioVersion = 10.0.40219.1
Project("{9A19103F-16F7-4668-BE54-9A1E7A4F7556}") = "tenants", "tenants.csproj", "{D6CF13C4-B1DD-4D1E-9951-F884A676E2A5}"
EndProject
Global
	GlobalSection(SolutionConfigurationPlatforms) = preSolution
		Debug|Any CPU = Debug|Any CPU
		Release|Any CPU = Release|Any CPU
	EndGlobalSection
	GlobalSection(ProjectConfigurationPlatforms) = postSolution
		{D6CF13C4-B1DD-4D1E-9951-F884A676E2A5}.Debug|Any CPU.ActiveCfg = Debug|Any CPU
		{D6CF13C4-B1DD-4D1E-9951-F884A676E2A5}.Debug|Any CPU.Build.0 = Debug|Any CPU
		{D6CF13C4-B1DD-4D1E-9951-F884A676E2A5}.Release|Any CPU.ActiveCfg = Release|Any CPU
		{D6CF13C4-B1DD-4D1E-9951-F884A676E2A5}.Release|Any CPU.Build.0 = Release|Any CPU
	EndGlobalSection
	GlobalSection(SolutionProperties) = preSolution
		HideSolutionNode = FALSE
	EndGlobalSection
	GlobalSection(ExtensibilityGlobals) = postSolution
		SolutionGuid = {BCCE9B9F-81CC-495F-80CE-73EC9D1A3E9B}
	EndGlobalSection
EndGlobal
